
Microsoft Visual Studio Solution File, Format Version 12.00
# Visual Studio 15
Project("{FAE04EC0-301F-11D3-BF4B-00C04F79EFBC}") = "Assembly-CSharp", "Assembly-CSharp.csproj", "{44134D9F-FBAD-38A5-CAF8-C60CF9390A52}"
EndProject
Project("{FAE04EC0-301F-11D3-BF4B-00C04F79EFBC}") = "Assembly-CSharp-Editor", "Assembly-CSharp-Editor.csproj", "{529C58FF-C105-B01F-26EC-F886EC9FD403}"
EndProject
Global
	GlobalSection(SolutionConfigurationPlatforms) = preSolution
		Debug|Any CPU = Debug|Any CPU
		Release|Any CPU = Release|Any CPU
	EndGlobalSection
	GlobalSection(ProjectConfigurationPlatforms) = postSolution
		{44134D9F-FBAD-38A5-CAF8-C60CF9390A52}.Debug|Any CPU.ActiveCfg = Debug|Any CPU
		{44134D9F-FBAD-38A5-CAF8-C60CF9390A52}.Debug|Any CPU.Build.0 = Debug|Any CPU
		{44134D9F-FBAD-38A5-CAF8-C60CF9390A52}.Release|Any CPU.ActiveCfg = Release|Any CPU
		{44134D9F-FBAD-38A5-CAF8-C60CF9390A52}.Release|Any CPU.Build.0 = Release|Any CPU
		{529C58FF-C105-B01F-26EC-F886EC9FD403}.Debug|Any CPU.ActiveCfg = Debug|Any CPU
		{529C58FF-C105-B01F-26EC-F886EC9FD403}.Debug|Any CPU.Build.0 = Debug|Any CPU
		{529C58FF-C105-B01F-26EC-F886EC9FD403}.Release|Any CPU.ActiveCfg = Release|Any CPU
		{529C58FF-C105-B01F-26EC-F886EC9FD403}.Release|Any CPU.Build.0 = Release|Any CPU
	EndGlobalSection
	GlobalSection(SolutionProperties) = preSolution
		HideSolutionNode = FALSE
	EndGlobalSection
EndGlobal
